
Microsoft Visual Studio Solution File, Format Version 12.00
# Visual Studio Version 17
VisualStudioVersion = 17.10.35013.160
MinimumVisualStudioVersion = 10.0.40219.1
Project("{FAE04EC0-301F-11D3-BF4B-00C04F79EFBC}") = "Batch4.Api.MiniKpay", "Batch4.Api.MiniKpay\Batch4.Api.MiniKpay.csproj", "{2E591654-15D3-416D-8F87-B171EBB6DDA6}"
EndProject
Global
	GlobalSection(SolutionConfigurationPlatforms) = preSolution
		Debug|Any CPU = Debug|Any CPU
		Release|Any CPU = Release|Any CPU
	EndGlobalSection
	GlobalSection(ProjectConfigurationPlatforms) = postSolution
		{2E591654-15D3-416D-8F87-B171EBB6DDA6}.Debug|Any CPU.ActiveCfg = Debug|Any CPU
		{2E591654-15D3-416D-8F87-B171EBB6DDA6}.Debug|Any CPU.Build.0 = Debug|Any CPU
		{2E591654-15D3-416D-8F87-B171EBB6DDA6}.Release|Any CPU.ActiveCfg = Release|Any CPU
		{2E591654-15D3-416D-8F87-B171EBB6DDA6}.Release|Any CPU.Build.0 = Release|Any CPU
	EndGlobalSection
	GlobalSection(SolutionProperties) = preSolution
		HideSolutionNode = FALSE
	EndGlobalSection
	GlobalSection(ExtensibilityGlobals) = postSolution
		SolutionGuid = {6A4910DB-7E60-41EC-8CB5-087110A811D8}
	EndGlobalSection
EndGlobal
